
Microsoft Visual Studio Solution File, Format Version 12.00
# Visual Studio Version 17
VisualStudioVersion = 17.4.33205.214
MinimumVisualStudioVersion = 10.0.40219.1
Project("{FAE04EC0-301F-11D3-BF4B-00C04F79EFBC}") = "webview2_demo", "webview2_demo\webview2_demo.csproj", "{F788C8F3-4345-4253-818C-06769E7E1838}"
EndProject
Global
	GlobalSection(SolutionConfigurationPlatforms) = preSolution
		Debug|Any CPU = Debug|Any CPU
		Release|Any CPU = Release|Any CPU
	EndGlobalSection
	GlobalSection(ProjectConfigurationPlatforms) = postSolution
		{F788C8F3-4345-4253-818C-06769E7E1838}.Debug|Any CPU.ActiveCfg = Debug|Any CPU
		{F788C8F3-4345-4253-818C-06769E7E1838}.Debug|Any CPU.Build.0 = Debug|Any CPU
		{F788C8F3-4345-4253-818C-06769E7E1838}.Release|Any CPU.ActiveCfg = Release|Any CPU
		{F788C8F3-4345-4253-818C-06769E7E1838}.Release|Any CPU.Build.0 = Release|Any CPU
	EndGlobalSection
	GlobalSection(SolutionProperties) = preSolution
		HideSolutionNode = FALSE
	EndGlobalSection
	GlobalSection(ExtensibilityGlobals) = postSolution
		SolutionGuid = {BCA96586-EFB7-4D08-AF35-B12D484BDA13}
	EndGlobalSection
EndGlobal
